
Microsoft Visual Studio Solution File, Format Version 12.00
# Visual Studio Version 16
VisualStudioVersion = 16.0.32901.82
MinimumVisualStudioVersion = 10.0.40219.1
Project("{FAE04EC0-301F-11D3-BF4B-00C04F79EFBC}") = "Test1", "Test1\Test1.csproj", "{0E3743EE-8F35-4D99-90AA-705EA269F7DB}"
EndProject
Global
	GlobalSection(SolutionConfigurationPlatforms) = preSolution
		Debug|Any CPU = Debug|Any CPU
		Release|Any CPU = Release|Any CPU
	EndGlobalSection
	GlobalSection(ProjectConfigurationPlatforms) = postSolution
		{0E3743EE-8F35-4D99-90AA-705EA269F7DB}.Debug|Any CPU.ActiveCfg = Debug|Any CPU
		{0E3743EE-8F35-4D99-90AA-705EA269F7DB}.Debug|Any CPU.Build.0 = Debug|Any CPU
		{0E3743EE-8F35-4D99-90AA-705EA269F7DB}.Release|Any CPU.ActiveCfg = Release|Any CPU
		{0E3743EE-8F35-4D99-90AA-705EA269F7DB}.Release|Any CPU.Build.0 = Release|Any CPU
	EndGlobalSection
	GlobalSection(SolutionProperties) = preSolution
		HideSolutionNode = FALSE
	EndGlobalSection
	GlobalSection(ExtensibilityGlobals) = postSolution
		SolutionGuid = {A23AE08F-8BE7-4C2D-BE92-7229F204A401}
	EndGlobalSection
EndGlobal
